<Solution>
  <Folder Name="/Misc/">
    <File Path="Directory.Build.props" />
    <File Path="Directory.Packages.props" />
    <File Path="global.json" />
    <File Path="License.txt" />
    <File Path="NuGet.config" />
    <File Path="Readme.md" />
  </Folder>

  <Project Path="Snek/Snek.csproj" />
  <Project Path="Snek.Demo/Snek.Demo.csproj" />
</Solution>